
Microsoft Visual Studio Solution File, Format Version 12.00
# Visual Studio Version 17
VisualStudioVersion = 17.1.32328.378
MinimumVisualStudioVersion = 10.0.40219.1
Project("{9A19103F-16F7-4668-BE54-9A1E7A4F7556}") = "JWTAuthAPI", "JWTAuthAPI\JWTAuthAPI.csproj", "{D54383CC-B458-4B92-8F7C-BEAA21CCD717}"
EndProject
Project("{9A19103F-16F7-4668-BE54-9A1E7A4F7556}") = "Contracts", "Contracts\Contracts.csproj", "{0C112F38-8341-4B45-827B-479926F98C88}"
EndProject
Project("{9A19103F-16F7-4668-BE54-9A1E7A4F7556}") = "LoggerService", "LoggerService\LoggerService.csproj", "{A95421B2-89F5-4FDE-9ABA-17D038A45E0E}"
EndProject
Project("{9A19103F-16F7-4668-BE54-9A1E7A4F7556}") = "Entities", "Entities\Entities.csproj", "{AA629029-7C07-4193-AB26-453287FDFB0E}"
EndProject
Project("{9A19103F-16F7-4668-BE54-9A1E7A4F7556}") = "Repository", "Repository\Repository.csproj", "{FC29B2C9-520A-4332-8A3A-5FEB6EAA5803}"
EndProject
Project("{9A19103F-16F7-4668-BE54-9A1E7A4F7556}") = "Service.Contracts", "Service.Contracts\Service.Contracts.csproj", "{ABB3F6E8-9198-4CCC-93B5-715ACEC8F34F}"
EndProject
Project("{9A19103F-16F7-4668-BE54-9A1E7A4F7556}") = "Service", "Service\Service.csproj", "{E073EF4B-A13E-4A8D-B8AB-9B8526616A45}"
EndProject
Project("{9A19103F-16F7-4668-BE54-9A1E7A4F7556}") = "Presentation", "Presentation\Presentation.csproj", "{97B17E6C-A8A7-4FC9-8EBF-43CAA9DBA209}"
EndProject
Project("{9A19103F-16F7-4668-BE54-9A1E7A4F7556}") = "Shared", "Shared\Shared.csproj", "{995AF1E9-EE14-4AD1-A550-2A65B17D40F0}"
EndProject
Project("{2150E333-8FDC-42A3-9474-1A3956D46DE8}") = "DomainLayer", "DomainLayer", "{4DA8D57B-D994-4BF7-AE0E-5744205D0F4E}"
EndProject
Project("{2150E333-8FDC-42A3-9474-1A3956D46DE8}") = "ServicesLayer", "ServicesLayer", "{8C9B3C52-7DE1-4727-A56C-3F2E1F88EA3D}"
EndProject
Project("{2150E333-8FDC-42A3-9474-1A3956D46DE8}") = "InfrastructureLayer", "InfrastructureLayer", "{12A38269-E29C-4225-8B08-1F230A9B3A94}"
EndProject
Project("{2150E333-8FDC-42A3-9474-1A3956D46DE8}") = "PresentationLayer", "PresentationLayer", "{BEBE0600-6081-410C-BBE4-FE1C8CD7BBA7}"
EndProject
Global
	GlobalSection(SolutionConfigurationPlatforms) = preSolution
		Debug|Any CPU = Debug|Any CPU
		Release|Any CPU = Release|Any CPU
	EndGlobalSection
	GlobalSection(ProjectConfigurationPlatforms) = postSolution
		{D54383CC-B458-4B92-8F7C-BEAA21CCD717}.Debug|Any CPU.ActiveCfg = Debug|Any CPU
		{D54383CC-B458-4B92-8F7C-BEAA21CCD717}.Debug|Any CPU.Build.0 = Debug|Any CPU
		{D54383CC-B458-4B92-8F7C-BEAA21CCD717}.Release|Any CPU.ActiveCfg = Release|Any CPU
		{D54383CC-B458-4B92-8F7C-BEAA21CCD717}.Release|Any CPU.Build.0 = Release|Any CPU
		{0C112F38-8341-4B45-827B-479926F98C88}.Debug|Any CPU.ActiveCfg = Debug|Any CPU
		{0C112F38-8341-4B45-827B-479926F98C88}.Debug|Any CPU.Build.0 = Debug|Any CPU
		{0C112F38-8341-4B45-827B-479926F98C88}.Release|Any CPU.ActiveCfg = Release|Any CPU
		{0C112F38-8341-4B45-827B-479926F98C88}.Release|Any CPU.Build.0 = Release|Any CPU
		{A95421B2-89F5-4FDE-9ABA-17D038A45E0E}.Debug|Any CPU.ActiveCfg = Debug|Any CPU
		{A95421B2-89F5-4FDE-9ABA-17D038A45E0E}.Debug|Any CPU.Build.0 = Debug|Any CPU
		{A95421B2-89F5-4FDE-9ABA-17D038A45E0E}.Release|Any CPU.ActiveCfg = Release|Any CPU
		{A95421B2-89F5-4FDE-9ABA-17D038A45E0E}.Release|Any CPU.Build.0 = Release|Any CPU
		{AA629029-7C07-4193-AB26-453287FDFB0E}.Debug|Any CPU.ActiveCfg = Debug|Any CPU
		{AA629029-7C07-4193-AB26-453287FDFB0E}.Debug|Any CPU.Build.0 = Debug|Any CPU
		{AA629029-7C07-4193-AB26-453287FDFB0E}.Release|Any CPU.ActiveCfg = Release|Any CPU
		{AA629029-7C07-4193-AB26-453287FDFB0E}.Release|Any CPU.Build.0 = Release|Any CPU
		{FC29B2C9-520A-4332-8A3A-5FEB6EAA5803}.Debug|Any CPU.ActiveCfg = Debug|Any CPU
		{FC29B2C9-520A-4332-8A3A-5FEB6EAA5803}.Debug|Any CPU.Build.0 = Debug|Any CPU
		{FC29B2C9-520A-4332-8A3A-5FEB6EAA5803}.Release|Any CPU.ActiveCfg = Release|Any CPU
		{FC29B2C9-520A-4332-8A3A-5FEB6EAA5803}.Release|Any CPU.Build.0 = Release|Any CPU
		{ABB3F6E8-9198-4CCC-93B5-715ACEC8F34F}.Debug|Any CPU.ActiveCfg = Debug|Any CPU
		{ABB3F6E8-9198-4CCC-93B5-715ACEC8F34F}.Debug|Any CPU.Build.0 = Debug|Any CPU
		{ABB3F6E8-9198-4CCC-93B5-715ACEC8F34F}.Release|Any CPU.ActiveCfg = Release|Any CPU
		{ABB3F6E8-9198-4CCC-93B5-715ACEC8F34F}.Release|Any CPU.Build.0 = Release|Any CPU
		{E073EF4B-A13E-4A8D-B8AB-9B8526616A45}.Debug|Any CPU.ActiveCfg = Debug|Any CPU
		{E073EF4B-A13E-4A8D-B8AB-9B8526616A45}.Debug|Any CPU.Build.0 = Debug|Any CPU
		{E073EF4B-A13E-4A8D-B8AB-9B8526616A45}.Release|Any CPU.ActiveCfg = Release|Any CPU
		{E073EF4B-A13E-4A8D-B8AB-9B8526616A45}.Release|Any CPU.Build.0 = Release|Any CPU
		{97B17E6C-A8A7-4FC9-8EBF-43CAA9DBA209}.Debug|Any CPU.ActiveCfg = Debug|Any CPU
		{97B17E6C-A8A7-4FC9-8EBF-43CAA9DBA209}.Debug|Any CPU.Build.0 = Debug|Any CPU
		{97B17E6C-A8A7-4FC9-8EBF-43CAA9DBA209}.Release|Any CPU.ActiveCfg = Release|Any CPU
		{97B17E6C-A8A7-4FC9-8EBF-43CAA9DBA209}.Release|Any CPU.Build.0 = Release|Any CPU
		{995AF1E9-EE14-4AD1-A550-2A65B17D40F0}.Debug|Any CPU.ActiveCfg = Debug|Any CPU
		{995AF1E9-EE14-4AD1-A550-2A65B17D40F0}.Debug|Any CPU.Build.0 = Debug|Any CPU
		{995AF1E9-EE14-4AD1-A550-2A65B17D40F0}.Release|Any CPU.ActiveCfg = Release|Any CPU
		{995AF1E9-EE14-4AD1-A550-2A65B17D40F0}.Release|Any CPU.Build.0 = Release|Any CPU
	EndGlobalSection
	GlobalSection(SolutionProperties) = preSolution
		HideSolutionNode = FALSE
	EndGlobalSection
	GlobalSection(NestedProjects) = preSolution
		{D54383CC-B458-4B92-8F7C-BEAA21CCD717} = {BEBE0600-6081-410C-BBE4-FE1C8CD7BBA7}
		{0C112F38-8341-4B45-827B-479926F98C88} = {4DA8D57B-D994-4BF7-AE0E-5744205D0F4E}
		{A95421B2-89F5-4FDE-9ABA-17D038A45E0E} = {12A38269-E29C-4225-8B08-1F230A9B3A94}
		{AA629029-7C07-4193-AB26-453287FDFB0E} = {4DA8D57B-D994-4BF7-AE0E-5744205D0F4E}
		{FC29B2C9-520A-4332-8A3A-5FEB6EAA5803} = {4DA8D57B-D994-4BF7-AE0E-5744205D0F4E}
		{ABB3F6E8-9198-4CCC-93B5-715ACEC8F34F} = {8C9B3C52-7DE1-4727-A56C-3F2E1F88EA3D}
		{E073EF4B-A13E-4A8D-B8AB-9B8526616A45} = {8C9B3C52-7DE1-4727-A56C-3F2E1F88EA3D}
		{97B17E6C-A8A7-4FC9-8EBF-43CAA9DBA209} = {BEBE0600-6081-410C-BBE4-FE1C8CD7BBA7}
		{995AF1E9-EE14-4AD1-A550-2A65B17D40F0} = {12A38269-E29C-4225-8B08-1F230A9B3A94}
	EndGlobalSection
	GlobalSection(ExtensibilityGlobals) = postSolution
		SolutionGuid = {9FEE124F-657F-4659-8407-58D23421E8FC}
	EndGlobalSection
EndGlobal
